
Microsoft Visual Studio Solution File, Format Version 12.00
# Visual Studio Version 16
VisualStudioVersion = 16.0.29326.143
MinimumVisualStudioVersion = 10.0.40219.1
Project("{FAE04EC0-301F-11D3-BF4B-00C04F79EFBC}") = "date-range-picker-demo", "date-range-picker-demo\date-range-picker-demo.csproj", "{FB17503A-4836-43CA-998B-C228F6D785D5}"
EndProject
Global
	GlobalSection(SolutionConfigurationPlatforms) = preSolution
		Debug|Any CPU = Debug|Any CPU
		Release|Any CPU = Release|Any CPU
	EndGlobalSection
	GlobalSection(ProjectConfigurationPlatforms) = postSolution
		{FB17503A-4836-43CA-998B-C228F6D785D5}.Debug|Any CPU.ActiveCfg = Debug|Any CPU
		{FB17503A-4836-43CA-998B-C228F6D785D5}.Debug|Any CPU.Build.0 = Debug|Any CPU
		{FB17503A-4836-43CA-998B-C228F6D785D5}.Release|Any CPU.ActiveCfg = Release|Any CPU
		{FB17503A-4836-43CA-998B-C228F6D785D5}.Release|Any CPU.Build.0 = Release|Any CPU
	EndGlobalSection
	GlobalSection(SolutionProperties) = preSolution
		HideSolutionNode = FALSE
	EndGlobalSection
	GlobalSection(ExtensibilityGlobals) = postSolution
		SolutionGuid = {279B0344-5D19-4296-AAAC-1E4643EAD739}
	EndGlobalSection
EndGlobal
